{
  "object": {
    "pins": [
      {
        "package": "FloatingLabelTextFieldSwiftUI",
        "repositoryURL": "https://github.com/kishanraja/FloatingLabelTextFieldSwiftUI.git",
        "state": {
          "branch": null,
          "revision": "3c0c3501dd7295ac8ffa98cf57bb4b4e72f77349",
          "version": "4.0.4"
        }
      }
    ]
  },
  "version": 1
}
